// !$*UTF8*$!
{
	archiveVersion = 1;
	classes = {
	};
	objectVersion = 56;
	objects = {

/* Begin PBXBuildFile section */
		021408582963FD5A0051FF33 /* LoginMyPageView.swift in Sources */ = {isa = PBXBuildFile; fileRef = 021408562963FD5A0051FF33 /* LoginMyPageView.swift */; };
		021408592963FD5A0051FF33 /* NotLoginMyPageView.swift in Sources */ = {isa = PBXBuildFile; fileRef = 021408572963FD5A0051FF33 /* NotLoginMyPageView.swift */; };
		1A3AE9D12963C7440024DBB1 /* DetailTestView.swift in Sources */ = {isa = PBXBuildFile; fileRef = 1A3AE9D02963C7440024DBB1 /* DetailTestView.swift */; };
		1A3AE9D32963E1400024DBB1 /* DetailView.swift in Sources */ = {isa = PBXBuildFile; fileRef = 1A3AE9D22963E1400024DBB1 /* DetailView.swift */; };
		2C293046295AAA09003C77F8 /* UserInfo.swift in Sources */ = {isa = PBXBuildFile; fileRef = 2C293045295AAA09003C77F8 /* UserInfo.swift */; };
		2C293048295AAC36003C77F8 /* UserInfoStore.swift in Sources */ = {isa = PBXBuildFile; fileRef = 2C293047295AAC36003C77F8 /* UserInfoStore.swift */; };
		2C7A8C6B295A8298000D55C5 /* AppleMarketApp.swift in Sources */ = {isa = PBXBuildFile; fileRef = 2C7A8C6A295A8298000D55C5 /* AppleMarketApp.swift */; };
		2C7A8C6D295A8298000D55C5 /* ContentView.swift in Sources */ = {isa = PBXBuildFile; fileRef = 2C7A8C6C295A8298000D55C5 /* ContentView.swift */; };
		2C7A8C6F295A8299000D55C5 /* Assets.xcassets in Resources */ = {isa = PBXBuildFile; fileRef = 2C7A8C6E295A8299000D55C5 /* Assets.xcassets */; };
		2C7A8C72295A8299000D55C5 /* Preview Assets.xcassets in Resources */ = {isa = PBXBuildFile; fileRef = 2C7A8C71295A8299000D55C5 /* Preview Assets.xcassets */; };
		2C7A8C7C295AA678000D55C5 /* FirebaseAuth in Frameworks */ = {isa = PBXBuildFile; productRef = 2C7A8C7B295AA678000D55C5 /* FirebaseAuth */; };
		2C7A8C7E295AA678000D55C5 /* FirebaseDatabase in Frameworks */ = {isa = PBXBuildFile; productRef = 2C7A8C7D295AA678000D55C5 /* FirebaseDatabase */; };
		2C7A8C80295AA678000D55C5 /* FirebaseDatabaseSwift in Frameworks */ = {isa = PBXBuildFile; productRef = 2C7A8C7F295AA678000D55C5 /* FirebaseDatabaseSwift */; };
		2C7A8C82295AA678000D55C5 /* FirebaseFirestore in Frameworks */ = {isa = PBXBuildFile; productRef = 2C7A8C81295AA678000D55C5 /* FirebaseFirestore */; };
		2C7A8C84295AA678000D55C5 /* FirebaseFirestoreSwift in Frameworks */ = {isa = PBXBuildFile; productRef = 2C7A8C83295AA678000D55C5 /* FirebaseFirestoreSwift */; };
		2C7A8C86295AA678000D55C5 /* FirebaseStorage in Frameworks */ = {isa = PBXBuildFile; productRef = 2C7A8C85295AA678000D55C5 /* FirebaseStorage */; };
		2C7A8C89295AA6CC000D55C5 /* GoogleSignIn in Frameworks */ = {isa = PBXBuildFile; productRef = 2C7A8C88295AA6CC000D55C5 /* GoogleSignIn */; };
		2C7A8C8B295AA6CC000D55C5 /* GoogleSignInSwift in Frameworks */ = {isa = PBXBuildFile; productRef = 2C7A8C8A295AA6CC000D55C5 /* GoogleSignInSwift */; };
		2CEFEC41295ABA3E006DA0AA /* DetailOrder.swift in Sources */ = {isa = PBXBuildFile; fileRef = 2CEFEC3F295ABA3E006DA0AA /* DetailOrder.swift */; };
		2CEFEC42295ABA3E006DA0AA /* Order.swift in Sources */ = {isa = PBXBuildFile; fileRef = 2CEFEC40295ABA3E006DA0AA /* Order.swift */; };
		2CEFEC72295C0FBC006DA0AA /* ShippingView.swift in Sources */ = {isa = PBXBuildFile; fileRef = 2CEFEC49295C0FBB006DA0AA /* ShippingView.swift */; };
		2CEFEC73295C0FBC006DA0AA /* CheckOrderView.swift in Sources */ = {isa = PBXBuildFile; fileRef = 2CEFEC4A295C0FBB006DA0AA /* CheckOrderView.swift */; };
		2CEFEC74295C0FBC006DA0AA /* PaymentView.swift in Sources */ = {isa = PBXBuildFile; fileRef = 2CEFEC4B295C0FBB006DA0AA /* PaymentView.swift */; };
		2CEFEC75295C0FBC006DA0AA /* EmptyCartView.swift in Sources */ = {isa = PBXBuildFile; fileRef = 2CEFEC4D295C0FBB006DA0AA /* EmptyCartView.swift */; };
		2CEFEC76295C0FBC006DA0AA /* CartSignOutView.swift in Sources */ = {isa = PBXBuildFile; fileRef = 2CEFEC4E295C0FBB006DA0AA /* CartSignOutView.swift */; };
		2CEFEC77295C0FBC006DA0AA /* CartSignInView.swift in Sources */ = {isa = PBXBuildFile; fileRef = 2CEFEC4F295C0FBB006DA0AA /* CartSignInView.swift */; };
		2CEFEC78295C0FBC006DA0AA /* SearchView.swift in Sources */ = {isa = PBXBuildFile; fileRef = 2CEFEC51295C0FBB006DA0AA /* SearchView.swift */; };
		2CEFEC79295C0FBC006DA0AA /* SearchProcessView.swift in Sources */ = {isa = PBXBuildFile; fileRef = 2CEFEC52295C0FBB006DA0AA /* SearchProcessView.swift */; };
		2CEFEC7A295C0FBC006DA0AA /* SearchResultView.swift in Sources */ = {isa = PBXBuildFile; fileRef = 2CEFEC53295C0FBB006DA0AA /* SearchResultView.swift */; };
		2CEFEC7B295C0FBC006DA0AA /* EtcFilterView.swift in Sources */ = {isa = PBXBuildFile; fileRef = 2CEFEC54295C0FBB006DA0AA /* EtcFilterView.swift */; };
		2CEFEC7C295C0FBC006DA0AA /* MyDeviceFilterView.swift in Sources */ = {isa = PBXBuildFile; fileRef = 2CEFEC55295C0FBB006DA0AA /* MyDeviceFilterView.swift */; };
		2CEFEC7D295C0FBC006DA0AA /* MyOrderDetailView.swift in Sources */ = {isa = PBXBuildFile; fileRef = 2CEFEC57295C0FBB006DA0AA /* MyOrderDetailView.swift */; };
		2CEFEC7E295C0FBC006DA0AA /* AddMyAddressView.swift in Sources */ = {isa = PBXBuildFile; fileRef = 2CEFEC58295C0FBB006DA0AA /* AddMyAddressView.swift */; };
		2CEFEC7F295C0FBC006DA0AA /* AddMyDeviceView.swift in Sources */ = {isa = PBXBuildFile; fileRef = 2CEFEC59295C0FBB006DA0AA /* AddMyDeviceView.swift */; };
		2CEFEC80295C0FBC006DA0AA /* MyAddressListView.swift in Sources */ = {isa = PBXBuildFile; fileRef = 2CEFEC5A295C0FBB006DA0AA /* MyAddressListView.swift */; };
		2CEFEC81295C0FBC006DA0AA /* MyProfileView.swift in Sources */ = {isa = PBXBuildFile; fileRef = 2CEFEC5B295C0FBB006DA0AA /* MyProfileView.swift */; };
		2CEFEC82295C0FBC006DA0AA /* MyOrderView.swift in Sources */ = {isa = PBXBuildFile; fileRef = 2CEFEC5C295C0FBB006DA0AA /* MyOrderView.swift */; };
		2CEFEC83295C0FBC006DA0AA /* LoginView.swift in Sources */ = {isa = PBXBuildFile; fileRef = 2CEFEC5E295C0FBB006DA0AA /* LoginView.swift */; };
		2CEFEC84295C0FBC006DA0AA /* SignUpView.swift in Sources */ = {isa = PBXBuildFile; fileRef = 2CEFEC5F295C0FBB006DA0AA /* SignUpView.swift */; };
		2CEFEC85295C0FBC006DA0AA /* MyDeviceListView.swift in Sources */ = {isa = PBXBuildFile; fileRef = 2CEFEC60295C0FBB006DA0AA /* MyDeviceListView.swift */; };
		2CEFEC86295C0FBC006DA0AA /* MypageView.swift in Sources */ = {isa = PBXBuildFile; fileRef = 2CEFEC61295C0FBB006DA0AA /* MypageView.swift */; };
		2CEFEC87295C0FBC006DA0AA /* MainProductView.swift in Sources */ = {isa = PBXBuildFile; fileRef = 2CEFEC63295C0FBB006DA0AA /* MainProductView.swift */; };
		2CEFEC89295C0FBC006DA0AA /* MainProductDetailView.swift in Sources */ = {isa = PBXBuildFile; fileRef = 2CEFEC65295C0FBB006DA0AA /* MainProductDetailView.swift */; };
		2CEFEC8A295C0FBC006DA0AA /* MainPromotionView.swift in Sources */ = {isa = PBXBuildFile; fileRef = 2CEFEC66295C0FBB006DA0AA /* MainPromotionView.swift */; };
		2CEFEC8B295C0FBC006DA0AA /* MainMyProductView.swift in Sources */ = {isa = PBXBuildFile; fileRef = 2CEFEC67295C0FBB006DA0AA /* MainMyProductView.swift */; };
		2CEFEC8C295C0FBC006DA0AA /* MyProductDetailView.swift in Sources */ = {isa = PBXBuildFile; fileRef = 2CEFEC68295C0FBB006DA0AA /* MyProductDetailView.swift */; };
		2CEFEC8D295C0FBC006DA0AA /* ColorOptionView.swift in Sources */ = {isa = PBXBuildFile; fileRef = 2CEFEC69295C0FBB006DA0AA /* ColorOptionView.swift */; };
		2CEFEC8E295C0FBC006DA0AA /* AppleCareOptionView.swift in Sources */ = {isa = PBXBuildFile; fileRef = 2CEFEC6A295C0FBB006DA0AA /* AppleCareOptionView.swift */; };
		2CEFEC8F295C0FBC006DA0AA /* MyProductResultView.swift in Sources */ = {isa = PBXBuildFile; fileRef = 2CEFEC6B295C0FBB006DA0AA /* MyProductResultView.swift */; };
		2CEFEC90295C0FBC006DA0AA /* MainView.swift in Sources */ = {isa = PBXBuildFile; fileRef = 2CEFEC6C295C0FBB006DA0AA /* MainView.swift */; };
		2CEFEC91295C0FBC006DA0AA /* ModelOptionView.swift in Sources */ = {isa = PBXBuildFile; fileRef = 2CEFEC6D295C0FBB006DA0AA /* ModelOptionView.swift */; };
		2CEFEC92295C0FBC006DA0AA /* MemoryOptionView.swift in Sources */ = {isa = PBXBuildFile; fileRef = 2CEFEC6E295C0FBB006DA0AA /* MemoryOptionView.swift */; };
		2CEFEC93295C0FBC006DA0AA /* DetailButtonView.swift in Sources */ = {isa = PBXBuildFile; fileRef = 2CEFEC6F295C0FBB006DA0AA /* DetailButtonView.swift */; };
		2CEFEC99295C12F7006DA0AA /* Product.swift in Sources */ = {isa = PBXBuildFile; fileRef = 2CEFEC94295C12F6006DA0AA /* Product.swift */; };
		2CEFEC9A295C12F7006DA0AA /* CartStore.swift in Sources */ = {isa = PBXBuildFile; fileRef = 2CEFEC95295C12F7006DA0AA /* CartStore.swift */; };
		2CEFEC9B295C12F7006DA0AA /* ProductStore.swift in Sources */ = {isa = PBXBuildFile; fileRef = 2CEFEC96295C12F7006DA0AA /* ProductStore.swift */; };
		2CEFEC9C295C12F7006DA0AA /* CartTest.swift in Sources */ = {isa = PBXBuildFile; fileRef = 2CEFEC97295C12F7006DA0AA /* CartTest.swift */; };
		2CEFEC9D295C12F7006DA0AA /* Cart.swift in Sources */ = {isa = PBXBuildFile; fileRef = 2CEFEC98295C12F7006DA0AA /* Cart.swift */; };
		2CEFECA3295C130B006DA0AA /* CatalogueProductStore.swift in Sources */ = {isa = PBXBuildFile; fileRef = 2CEFECA0295C130B006DA0AA /* CatalogueProductStore.swift */; };
		2CEFECA4295C130B006DA0AA /* CatalogueProduct.swift in Sources */ = {isa = PBXBuildFile; fileRef = 2CEFECA1295C130B006DA0AA /* CatalogueProduct.swift */; };
		5B94B4372963A4EB00D35017 /* SnapScrollingHstack.swift in Sources */ = {isa = PBXBuildFile; fileRef = 5B94B4362963A4EB00D35017 /* SnapScrollingHstack.swift */; };
		5BFF2C48296465D50040FE65 /* ShadowModifiers.swift in Sources */ = {isa = PBXBuildFile; fileRef = 5BFF2C47296465D50040FE65 /* ShadowModifiers.swift */; };
		6620284A29CD657D00D3BD1C /* GoogleService-Info.plist in Resources */ = {isa = PBXBuildFile; fileRef = 6620284929CD657D00D3BD1C /* GoogleService-Info.plist */; };
		8B4376FE295ABC4D002D4AAB /* OrderStore.swift in Sources */ = {isa = PBXBuildFile; fileRef = 8B4376FD295ABC4D002D4AAB /* OrderStore.swift */; };
		8B437700295ACB40002D4AAB /* OrderTestView.swift in Sources */ = {isa = PBXBuildFile; fileRef = 8B4376FF295ACB40002D4AAB /* OrderTestView.swift */; };
		92A670042963DB1D00E9491D /* CartView.swift in Sources */ = {isa = PBXBuildFile; fileRef = 92A670032963DB1D00E9491D /* CartView.swift */; };
/* End PBXBuildFile section */

/* Begin PBXFileReference section */
		021408562963FD5A0051FF33 /* LoginMyPageView.swift */ = {isa = PBXFileReference; fileEncoding = 4; lastKnownFileType = sourcecode.swift; path = LoginMyPageView.swift; sourceTree = "<group>"; };
		021408572963FD5A0051FF33 /* NotLoginMyPageView.swift */ = {isa = PBXFileReference; fileEncoding = 4; lastKnownFileType = sourcecode.swift; path = NotLoginMyPageView.swift; sourceTree = "<group>"; };
		1A3AE9D02963C7440024DBB1 /* DetailTestView.swift */ = {isa = PBXFileReference; lastKnownFileType = sourcecode.swift; path = DetailTestView.swift; sourceTree = "<group>"; };
		1A3AE9D22963E1400024DBB1 /* DetailView.swift */ = {isa = PBXFileReference; fileEncoding = 4; lastKnownFileType = sourcecode.swift; path = DetailView.swift; sourceTree = "<group>"; };
		2C293045295AAA09003C77F8 /* UserInfo.swift */ = {isa = PBXFileReference; lastKnownFileType = sourcecode.swift; path = UserInfo.swift; sourceTree = "<group>"; };
		2C293047295AAC36003C77F8 /* UserInfoStore.swift */ = {isa = PBXFileReference; lastKnownFileType = sourcecode.swift; path = UserInfoStore.swift; sourceTree = "<group>"; };
		2C7A8C67295A8298000D55C5 /* AppleMarket.app */ = {isa = PBXFileReference; explicitFileType = wrapper.application; includeInIndex = 0; path = AppleMarket.app; sourceTree = BUILT_PRODUCTS_DIR; };
		2C7A8C6A295A8298000D55C5 /* AppleMarketApp.swift */ = {isa = PBXFileReference; lastKnownFileType = sourcecode.swift; path = AppleMarketApp.swift; sourceTree = "<group>"; };
		2C7A8C6C295A8298000D55C5 /* ContentView.swift */ = {isa = PBXFileReference; lastKnownFileType = sourcecode.swift; path = ContentView.swift; sourceTree = "<group>"; };
		2C7A8C6E295A8299000D55C5 /* Assets.xcassets */ = {isa = PBXFileReference; lastKnownFileType = folder.assetcatalog; path = Assets.xcassets; sourceTree = "<group>"; };
		2C7A8C71295A8299000D55C5 /* Preview Assets.xcassets */ = {isa = PBXFileReference; lastKnownFileType = folder.assetcatalog; path = "Preview Assets.xcassets"; sourceTree = "<group>"; };
		2C7A8C8C295AA6E2000D55C5 /* Info.plist */ = {isa = PBXFileReference; lastKnownFileType = text.plist; path = Info.plist; sourceTree = "<group>"; };
		2CEFEC3F295ABA3E006DA0AA /* DetailOrder.swift */ = {isa = PBXFileReference; fileEncoding = 4; lastKnownFileType = sourcecode.swift; path = DetailOrder.swift; sourceTree = "<group>"; };
		2CEFEC40295ABA3E006DA0AA /* Order.swift */ = {isa = PBXFileReference; fileEncoding = 4; lastKnownFileType = sourcecode.swift; path = Order.swift; sourceTree = "<group>"; };
		2CEFEC49295C0FBB006DA0AA /* ShippingView.swift */ = {isa = PBXFileReference; fileEncoding = 4; lastKnownFileType = sourcecode.swift; path = ShippingView.swift; sourceTree = "<group>"; };
		2CEFEC4A295C0FBB006DA0AA /* CheckOrderView.swift */ = {isa = PBXFileReference; fileEncoding = 4; lastKnownFileType = sourcecode.swift; path = CheckOrderView.swift; sourceTree = "<group>"; };
		2CEFEC4B295C0FBB006DA0AA /* PaymentView.swift */ = {isa = PBXFileReference; fileEncoding = 4; lastKnownFileType = sourcecode.swift; path = PaymentView.swift; sourceTree = "<group>"; };
		2CEFEC4D295C0FBB006DA0AA /* EmptyCartView.swift */ = {isa = PBXFileReference; fileEncoding = 4; lastKnownFileType = sourcecode.swift; path = EmptyCartView.swift; sourceTree = "<group>"; };
		2CEFEC4E295C0FBB006DA0AA /* CartSignOutView.swift */ = {isa = PBXFileReference; fileEncoding = 4; lastKnownFileType = sourcecode.swift; path = CartSignOutView.swift; sourceTree = "<group>"; };
		2CEFEC4F295C0FBB006DA0AA /* CartSignInView.swift */ = {isa = PBXFileReference; fileEncoding = 4; lastKnownFileType = sourcecode.swift; path = CartSignInView.swift; sourceTree = "<group>"; };
		2CEFEC51295C0FBB006DA0AA /* SearchView.swift */ = {isa = PBXFileReference; fileEncoding = 4; lastKnownFileType = sourcecode.swift; path = SearchView.swift; sourceTree = "<group>"; };
		2CEFEC52295C0FBB006DA0AA /* SearchProcessView.swift */ = {isa = PBXFileReference; fileEncoding = 4; lastKnownFileType = sourcecode.swift; path = SearchProcessView.swift; sourceTree = "<group>"; };
		2CEFEC53295C0FBB006DA0AA /* SearchResultView.swift */ = {isa = PBXFileReference; fileEncoding = 4; lastKnownFileType = sourcecode.swift; path = SearchResultView.swift; sourceTree = "<group>"; };
		2CEFEC54295C0FBB006DA0AA /* EtcFilterView.swift */ = {isa = PBXFileReference; fileEncoding = 4; lastKnownFileType = sourcecode.swift; path = EtcFilterView.swift; sourceTree = "<group>"; };
		2CEFEC55295C0FBB006DA0AA /* MyDeviceFilterView.swift */ = {isa = PBXFileReference; fileEncoding = 4; lastKnownFileType = sourcecode.swift; path = MyDeviceFilterView.swift; sourceTree = "<group>"; };
		2CEFEC57295C0FBB006DA0AA /* MyOrderDetailView.swift */ = {isa = PBXFileReference; fileEncoding = 4; lastKnownFileType = sourcecode.swift; path = MyOrderDetailView.swift; sourceTree = "<group>"; };
		2CEFEC58295C0FBB006DA0AA /* AddMyAddressView.swift */ = {isa = PBXFileReference; fileEncoding = 4; lastKnownFileType = sourcecode.swift; path = AddMyAddressView.swift; sourceTree = "<group>"; };
		2CEFEC59295C0FBB006DA0AA /* AddMyDeviceView.swift */ = {isa = PBXFileReference; fileEncoding = 4; lastKnownFileType = sourcecode.swift; path = AddMyDeviceView.swift; sourceTree = "<group>"; };
		2CEFEC5A295C0FBB006DA0AA /* MyAddressListView.swift */ = {isa = PBXFileReference; fileEncoding = 4; lastKnownFileType = sourcecode.swift; path = MyAddressListView.swift; sourceTree = "<group>"; };
		2CEFEC5B295C0FBB006DA0AA /* MyProfileView.swift */ = {isa = PBXFileReference; fileEncoding = 4; lastKnownFileType = sourcecode.swift; path = MyProfileView.swift; sourceTree = "<group>"; };
		2CEFEC5C295C0FBB006DA0AA /* MyOrderView.swift */ = {isa = PBXFileReference; fileEncoding = 4; lastKnownFileType = sourcecode.swift; path = MyOrderView.swift; sourceTree = "<group>"; };
		2CEFEC5E295C0FBB006DA0AA /* LoginView.swift */ = {isa = PBXFileReference; fileEncoding = 4; lastKnownFileType = sourcecode.swift; path = LoginView.swift; sourceTree = "<group>"; };
		2CEFEC5F295C0FBB006DA0AA /* SignUpView.swift */ = {isa = PBXFileReference; fileEncoding = 4; lastKnownFileType = sourcecode.swift; path = SignUpView.swift; sourceTree = "<group>"; };
		2CEFEC60295C0FBB006DA0AA /* MyDeviceListView.swift */ = {isa = PBXFileReference; fileEncoding = 4; lastKnownFileType = sourcecode.swift; path = MyDeviceListView.swift; sourceTree = "<group>"; };
		2CEFEC61295C0FBB006DA0AA /* MypageView.swift */ = {isa = PBXFileReference; fileEncoding = 4; lastKnownFileType = sourcecode.swift; path = MypageView.swift; sourceTree = "<group>"; };
		2CEFEC63295C0FBB006DA0AA /* MainProductView.swift */ = {isa = PBXFileReference; fileEncoding = 4; lastKnownFileType = sourcecode.swift; path = MainProductView.swift; sourceTree = "<group>"; };
		2CEFEC65295C0FBB006DA0AA /* MainProductDetailView.swift */ = {isa = PBXFileReference; fileEncoding = 4; lastKnownFileType = sourcecode.swift; path = MainProductDetailView.swift; sourceTree = "<group>"; };
		2CEFEC66295C0FBB006DA0AA /* MainPromotionView.swift */ = {isa = PBXFileReference; fileEncoding = 4; lastKnownFileType = sourcecode.swift; path = MainPromotionView.swift; sourceTree = "<group>"; };
		2CEFEC67295C0FBB006DA0AA /* MainMyProductView.swift */ = {isa = PBXFileReference; fileEncoding = 4; lastKnownFileType = sourcecode.swift; path = MainMyProductView.swift; sourceTree = "<group>"; };
		2CEFEC68295C0FBB006DA0AA /* MyProductDetailView.swift */ = {isa = PBXFileReference; fileEncoding = 4; lastKnownFileType = sourcecode.swift; path = MyProductDetailView.swift; sourceTree = "<group>"; };
		2CEFEC69295C0FBB006DA0AA /* ColorOptionView.swift */ = {isa = PBXFileReference; fileEncoding = 4; lastKnownFileType = sourcecode.swift; path = ColorOptionView.swift; sourceTree = "<group>"; };
		2CEFEC6A295C0FBB006DA0AA /* AppleCareOptionView.swift */ = {isa = PBXFileReference; fileEncoding = 4; lastKnownFileType = sourcecode.swift; path = AppleCareOptionView.swift; sourceTree = "<group>"; };
		2CEFEC6B295C0FBB006DA0AA /* MyProductResultView.swift */ = {isa = PBXFileReference; fileEncoding = 4; lastKnownFileType = sourcecode.swift; path = MyProductResultView.swift; sourceTree = "<group>"; };
		2CEFEC6C295C0FBB006DA0AA /* MainView.swift */ = {isa = PBXFileReference; fileEncoding = 4; lastKnownFileType = sourcecode.swift; path = MainView.swift; sourceTree = "<group>"; };
		2CEFEC6D295C0FBB006DA0AA /* ModelOptionView.swift */ = {isa = PBXFileReference; fileEncoding = 4; lastKnownFileType = sourcecode.swift; path = ModelOptionView.swift; sourceTree = "<group>"; };
		2CEFEC6E295C0FBB006DA0AA /* MemoryOptionView.swift */ = {isa = PBXFileReference; fileEncoding = 4; lastKnownFileType = sourcecode.swift; path = MemoryOptionView.swift; sourceTree = "<group>"; };
		2CEFEC6F295C0FBB006DA0AA /* DetailButtonView.swift */ = {isa = PBXFileReference; fileEncoding = 4; lastKnownFileType = sourcecode.swift; path = DetailButtonView.swift; sourceTree = "<group>"; };
		2CEFEC94295C12F6006DA0AA /* Product.swift */ = {isa = PBXFileReference; fileEncoding = 4; lastKnownFileType = sourcecode.swift; path = Product.swift; sourceTree = "<group>"; };
		2CEFEC95295C12F7006DA0AA /* CartStore.swift */ = {isa = PBXFileReference; fileEncoding = 4; lastKnownFileType = sourcecode.swift; path = CartStore.swift; sourceTree = "<group>"; };
		2CEFEC96295C12F7006DA0AA /* ProductStore.swift */ = {isa = PBXFileReference; fileEncoding = 4; lastKnownFileType = sourcecode.swift; path = ProductStore.swift; sourceTree = "<group>"; };
		2CEFEC97295C12F7006DA0AA /* CartTest.swift */ = {isa = PBXFileReference; fileEncoding = 4; lastKnownFileType = sourcecode.swift; path = CartTest.swift; sourceTree = "<group>"; };
		2CEFEC98295C12F7006DA0AA /* Cart.swift */ = {isa = PBXFileReference; fileEncoding = 4; lastKnownFileType = sourcecode.swift; path = Cart.swift; sourceTree = "<group>"; };
		2CEFECA0295C130B006DA0AA /* CatalogueProductStore.swift */ = {isa = PBXFileReference; fileEncoding = 4; lastKnownFileType = sourcecode.swift; path = CatalogueProductStore.swift; sourceTree = "<group>"; };
		2CEFECA1295C130B006DA0AA /* CatalogueProduct.swift */ = {isa = PBXFileReference; fileEncoding = 4; lastKnownFileType = sourcecode.swift; path = CatalogueProduct.swift; sourceTree = "<group>"; };
		5B94B4362963A4EB00D35017 /* SnapScrollingHstack.swift */ = {isa = PBXFileReference; lastKnownFileType = sourcecode.swift; path = SnapScrollingHstack.swift; sourceTree = "<group>"; };
		5BFF2C47296465D50040FE65 /* ShadowModifiers.swift */ = {isa = PBXFileReference; lastKnownFileType = sourcecode.swift; path = ShadowModifiers.swift; sourceTree = "<group>"; };
		6620284929CD657D00D3BD1C /* GoogleService-Info.plist */ = {isa = PBXFileReference; fileEncoding = 4; lastKnownFileType = text.plist.xml; path = "GoogleService-Info.plist"; sourceTree = "<group>"; };
		8B4376FD295ABC4D002D4AAB /* OrderStore.swift */ = {isa = PBXFileReference; lastKnownFileType = sourcecode.swift; path = OrderStore.swift; sourceTree = "<group>"; };
		8B4376FF295ACB40002D4AAB /* OrderTestView.swift */ = {isa = PBXFileReference; lastKnownFileType = sourcecode.swift; path = OrderTestView.swift; sourceTree = "<group>"; };
		92A670032963DB1D00E9491D /* CartView.swift */ = {isa = PBXFileReference; lastKnownFileType = sourcecode.swift; path = CartView.swift; sourceTree = "<group>"; };
/* End PBXFileReference section */

/* Begin PBXFrameworksBuildPhase section */
		2C7A8C64295A8298000D55C5 /* Frameworks */ = {
			isa = PBXFrameworksBuildPhase;
			buildActionMask = 2147483647;
			files = (
				2C7A8C84295AA678000D55C5 /* FirebaseFirestoreSwift in Frameworks */,
				2C7A8C80295AA678000D55C5 /* FirebaseDatabaseSwift in Frameworks */,
				2C7A8C82295AA678000D55C5 /* FirebaseFirestore in Frameworks */,
				2C7A8C8B295AA6CC000D55C5 /* GoogleSignInSwift in Frameworks */,
				2C7A8C7E295AA678000D55C5 /* FirebaseDatabase in Frameworks */,
				2C7A8C7C295AA678000D55C5 /* FirebaseAuth in Frameworks */,
				2C7A8C86295AA678000D55C5 /* FirebaseStorage in Frameworks */,
				2C7A8C89295AA6CC000D55C5 /* GoogleSignIn in Frameworks */,
			);
			runOnlyForDeploymentPostprocessing = 0;
		};
/* End PBXFrameworksBuildPhase section */

/* Begin PBXGroup section */
		021408512963E0430051FF33 /* MyOrder */ = {
			isa = PBXGroup;
			children = (
				2CEFEC5C295C0FBB006DA0AA /* MyOrderView.swift */,
				2CEFEC57295C0FBB006DA0AA /* MyOrderDetailView.swift */,
			);
			path = MyOrder;
			sourceTree = "<group>";
		};
		1A4A980429629D2B00FAAB56 /* Detail */ = {
			isa = PBXGroup;
			children = (
				2CEFEC6A295C0FBB006DA0AA /* AppleCareOptionView.swift */,
				2CEFEC69295C0FBB006DA0AA /* ColorOptionView.swift */,
				2CEFEC6F295C0FBB006DA0AA /* DetailButtonView.swift */,
				1A3AE9D22963E1400024DBB1 /* DetailView.swift */,
				1A3AE9D02963C7440024DBB1 /* DetailTestView.swift */,
				2CEFEC6E295C0FBB006DA0AA /* MemoryOptionView.swift */,
				2CEFEC6D295C0FBB006DA0AA /* ModelOptionView.swift */,
			);
			name = Detail;
			sourceTree = "<group>";
		};
		2C293044295AA91A003C77F8 /* UserAuth */ = {
			isa = PBXGroup;
			children = (
				2C293045295AAA09003C77F8 /* UserInfo.swift */,
				2C293047295AAC36003C77F8 /* UserInfoStore.swift */,
			);
			path = UserAuth;
			sourceTree = "<group>";
		};
		2C7A8C5E295A8298000D55C5 = {
			isa = PBXGroup;
			children = (
				6620284929CD657D00D3BD1C /* GoogleService-Info.plist */,
				2C7A8C69295A8298000D55C5 /* AppleMarket */,
				2C7A8C68295A8298000D55C5 /* Products */,
			);
			sourceTree = "<group>";
		};
		2C7A8C68295A8298000D55C5 /* Products */ = {
			isa = PBXGroup;
			children = (
				2C7A8C67295A8298000D55C5 /* AppleMarket.app */,
			);
			name = Products;
			sourceTree = "<group>";
		};
		2C7A8C69295A8298000D55C5 /* AppleMarket */ = {
			isa = PBXGroup;
			children = (
				2C7A8C8E295AA700000D55C5 /* Back */,
				2C7A8C8D295AA6F9000D55C5 /* Front */,
				2C7A8C8C295AA6E2000D55C5 /* Info.plist */,
				2C7A8C6A295A8298000D55C5 /* AppleMarketApp.swift */,
				2C7A8C6C295A8298000D55C5 /* ContentView.swift */,
				2C7A8C6E295A8299000D55C5 /* Assets.xcassets */,
				2C7A8C70295A8299000D55C5 /* Preview Content */,
			);
			path = AppleMarket;
			sourceTree = "<group>";
		};
		2C7A8C70295A8299000D55C5 /* Preview Content */ = {
			isa = PBXGroup;
			children = (
				2C7A8C71295A8299000D55C5 /* Preview Assets.xcassets */,
			);
			path = "Preview Content";
			sourceTree = "<group>";
		};
		2C7A8C8D295AA6F9000D55C5 /* Front */ = {
			isa = PBXGroup;
			children = (
				2CEFEC47295C0FBB006DA0AA /* Views */,
				5B94B4382963A4FF00D35017 /* ViewModifiers */,
			);
			path = Front;
			sourceTree = "<group>";
		};
		2C7A8C8E295AA700000D55C5 /* Back */ = {
			isa = PBXGroup;
			children = (
				2CEFEC9E295C130B006DA0AA /* CatalogueProduct */,
				2CEFEC3A295AB456006DA0AA /* Order */,
				82206F82295AAE9C008D3D36 /* Cart */,
				2C293044295AA91A003C77F8 /* UserAuth */,
			);
			path = Back;
			sourceTree = "<group>";
		};
		2CEFEC3A295AB456006DA0AA /* Order */ = {
			isa = PBXGroup;
			children = (
				2CEFEC3F295ABA3E006DA0AA /* DetailOrder.swift */,
				8B4376FD295ABC4D002D4AAB /* OrderStore.swift */,
				8B4376FF295ACB40002D4AAB /* OrderTestView.swift */,
				2CEFEC40295ABA3E006DA0AA /* Order.swift */,
			);
			path = Order;
			sourceTree = "<group>";
		};
		2CEFEC47295C0FBB006DA0AA /* Views */ = {
			isa = PBXGroup;
			children = (
				2CEFEC48295C0FBB006DA0AA /* Payment */,
				2CEFEC50295C0FBB006DA0AA /* Search */,
				2CEFEC56295C0FBB006DA0AA /* Mypage */,
				2CEFEC62295C0FBB006DA0AA /* Main */,
			);
			path = Views;
			sourceTree = "<group>";
		};
		2CEFEC48295C0FBB006DA0AA /* Payment */ = {
			isa = PBXGroup;
			children = (
				2CEFEC4B295C0FBB006DA0AA /* PaymentView.swift */,
				2CEFEC49295C0FBB006DA0AA /* ShippingView.swift */,
				2CEFEC4A295C0FBB006DA0AA /* CheckOrderView.swift */,
				2CEFEC4C295C0FBB006DA0AA /* Cart */,
			);
			path = Payment;
			sourceTree = "<group>";
		};
		2CEFEC4C295C0FBB006DA0AA /* Cart */ = {
			isa = PBXGroup;
			children = (
				2CEFEC4D295C0FBB006DA0AA /* EmptyCartView.swift */,
				2CEFEC4E295C0FBB006DA0AA /* CartSignOutView.swift */,
				2CEFEC4F295C0FBB006DA0AA /* CartSignInView.swift */,
				92A670032963DB1D00E9491D /* CartView.swift */,
			);
			path = Cart;
			sourceTree = "<group>";
		};
		2CEFEC50295C0FBB006DA0AA /* Search */ = {
			isa = PBXGroup;
			children = (
				2CEFEC51295C0FBB006DA0AA /* SearchView.swift */,
				2CEFEC52295C0FBB006DA0AA /* SearchProcessView.swift */,
				2CEFEC53295C0FBB006DA0AA /* SearchResultView.swift */,
				2CEFEC54295C0FBB006DA0AA /* EtcFilterView.swift */,
				2CEFEC55295C0FBB006DA0AA /* MyDeviceFilterView.swift */,
			);
			path = Search;
			sourceTree = "<group>";
		};
		2CEFEC56295C0FBB006DA0AA /* Mypage */ = {
			isa = PBXGroup;
			children = (
				66E02AC129DC07740003D0F5 /* MyProfile */,
				66E02AC029DC075F0003D0F5 /* MyMainPage */,
				66E02ABF29DC07430003D0F5 /* MyDevice */,
				021408512963E0430051FF33 /* MyOrder */,
				2CEFEC5D295C0FBB006DA0AA /* Login&SignUp */,
			);
			path = Mypage;
			sourceTree = "<group>";
		};
		2CEFEC5D295C0FBB006DA0AA /* Login&SignUp */ = {
			isa = PBXGroup;
			children = (
				2CEFEC5E295C0FBB006DA0AA /* LoginView.swift */,
				2CEFEC5F295C0FBB006DA0AA /* SignUpView.swift */,
			);
			path = "Login&SignUp";
			sourceTree = "<group>";
		};
		2CEFEC62295C0FBB006DA0AA /* Main */ = {
			isa = PBXGroup;
			children = (
				66E02AC229DC08A80003D0F5 /* MyProduct */,
				5BFF2C4629645DF10040FE65 /* MainProduct */,
				2CEFEC66295C0FBB006DA0AA /* MainPromotionView.swift */,
				2CEFEC6C295C0FBB006DA0AA /* MainView.swift */,
				1A4A980429629D2B00FAAB56 /* Detail */,
			);
			path = Main;
			sourceTree = "<group>";
		};
		2CEFEC9E295C130B006DA0AA /* CatalogueProduct */ = {
			isa = PBXGroup;
			children = (
				2CEFECA0295C130B006DA0AA /* CatalogueProductStore.swift */,
				2CEFECA1295C130B006DA0AA /* CatalogueProduct.swift */,
			);
			path = CatalogueProduct;
			sourceTree = "<group>";
		};
		5B94B4382963A4FF00D35017 /* ViewModifiers */ = {
			isa = PBXGroup;
			children = (
				5B94B4362963A4EB00D35017 /* SnapScrollingHstack.swift */,
				5BFF2C47296465D50040FE65 /* ShadowModifiers.swift */,
			);
			path = ViewModifiers;
			sourceTree = "<group>";
		};
		5BFF2C4629645DF10040FE65 /* MainProduct */ = {
			isa = PBXGroup;
			children = (
				2CEFEC63295C0FBB006DA0AA /* MainProductView.swift */,
				2CEFEC65295C0FBB006DA0AA /* MainProductDetailView.swift */,
			);
			name = MainProduct;
			sourceTree = "<group>";
		};
		66E02ABF29DC07430003D0F5 /* MyDevice */ = {
			isa = PBXGroup;
			children = (
				2CEFEC60295C0FBB006DA0AA /* MyDeviceListView.swift */,
				2CEFEC59295C0FBB006DA0AA /* AddMyDeviceView.swift */,
			);
			path = MyDevice;
			sourceTree = "<group>";
		};
		66E02AC029DC075F0003D0F5 /* MyMainPage */ = {
			isa = PBXGroup;
			children = (
				2CEFEC61295C0FBB006DA0AA /* MypageView.swift */,
				021408562963FD5A0051FF33 /* LoginMyPageView.swift */,
				021408572963FD5A0051FF33 /* NotLoginMyPageView.swift */,
			);
			path = MyMainPage;
			sourceTree = "<group>";
		};
		66E02AC129DC07740003D0F5 /* MyProfile */ = {
			isa = PBXGroup;
			children = (
				2CEFEC58295C0FBB006DA0AA /* AddMyAddressView.swift */,
				2CEFEC5A295C0FBB006DA0AA /* MyAddressListView.swift */,
				2CEFEC5B295C0FBB006DA0AA /* MyProfileView.swift */,
			);
			path = MyProfile;
			sourceTree = "<group>";
		};
		66E02AC229DC08A80003D0F5 /* MyProduct */ = {
			isa = PBXGroup;
			children = (
				2CEFEC67295C0FBB006DA0AA /* MainMyProductView.swift */,
				2CEFEC68295C0FBB006DA0AA /* MyProductDetailView.swift */,
				2CEFEC6B295C0FBB006DA0AA /* MyProductResultView.swift */,
			);
			name = MyProduct;
			sourceTree = "<group>";
		};
		82206F82295AAE9C008D3D36 /* Cart */ = {
			isa = PBXGroup;
			children = (
				2CEFEC98295C12F7006DA0AA /* Cart.swift */,
				2CEFEC95295C12F7006DA0AA /* CartStore.swift */,
				2CEFEC97295C12F7006DA0AA /* CartTest.swift */,
				2CEFEC94295C12F6006DA0AA /* Product.swift */,
				2CEFEC96295C12F7006DA0AA /* ProductStore.swift */,
			);
			path = Cart;
			sourceTree = "<group>";
		};
/* End PBXGroup section */

/* Begin PBXNativeTarget section */
		2C7A8C66295A8298000D55C5 /* AppleMarket */ = {
			isa = PBXNativeTarget;
			buildConfigurationList = 2C7A8C75295A8299000D55C5 /* Build configuration list for PBXNativeTarget "AppleMarket" */;
			buildPhases = (
				2C7A8C63295A8298000D55C5 /* Sources */,
				2C7A8C64295A8298000D55C5 /* Frameworks */,
				2C7A8C65295A8298000D55C5 /* Resources */,
			);
			buildRules = (
			);
			dependencies = (
			);
			name = AppleMarket;
			packageProductDependencies = (
				2C7A8C7B295AA678000D55C5 /* FirebaseAuth */,
				2C7A8C7D295AA678000D55C5 /* FirebaseDatabase */,
				2C7A8C7F295AA678000D55C5 /* FirebaseDatabaseSwift */,
				2C7A8C81295AA678000D55C5 /* FirebaseFirestore */,
				2C7A8C83295AA678000D55C5 /* FirebaseFirestoreSwift */,
				2C7A8C85295AA678000D55C5 /* FirebaseStorage */,
				2C7A8C88295AA6CC000D55C5 /* GoogleSignIn */,
				2C7A8C8A295AA6CC000D55C5 /* GoogleSignInSwift */,
			);
			productName = AppleMarket;
			productReference = 2C7A8C67295A8298000D55C5 /* AppleMarket.app */;
			productType = "com.apple.product-type.application";
		};
/* End PBXNativeTarget section */

/* Begin PBXProject section */
		2C7A8C5F295A8298000D55C5 /* Project object */ = {
			isa = PBXProject;
			attributes = {
				BuildIndependentTargetsInParallel = 1;
				LastSwiftUpdateCheck = 1420;
				LastUpgradeCheck = 1420;
				TargetAttributes = {
					2C7A8C66295A8298000D55C5 = {
						CreatedOnToolsVersion = 14.2;
					};
				};
			};
			buildConfigurationList = 2C7A8C62295A8298000D55C5 /* Build configuration list for PBXProject "AppleMarket" */;
			compatibilityVersion = "Xcode 14.0";
			developmentRegion = en;
			hasScannedForEncodings = 0;
			knownRegions = (
				en,
				Base,
			);
			mainGroup = 2C7A8C5E295A8298000D55C5;
			packageReferences = (
				2C7A8C7A295AA678000D55C5 /* XCRemoteSwiftPackageReference "firebase-ios-sdk" */,
				2C7A8C87295AA6CC000D55C5 /* XCRemoteSwiftPackageReference "GoogleSignIn-iOS" */,
			);
			productRefGroup = 2C7A8C68295A8298000D55C5 /* Products */;
			projectDirPath = "";
			projectRoot = "";
			targets = (
				2C7A8C66295A8298000D55C5 /* AppleMarket */,
			);
		};
/* End PBXProject section */

/* Begin PBXResourcesBuildPhase section */
		2C7A8C65295A8298000D55C5 /* Resources */ = {
			isa = PBXResourcesBuildPhase;
			buildActionMask = 2147483647;
			files = (
				2C7A8C72295A8299000D55C5 /* Preview Assets.xcassets in Resources */,
				2C7A8C6F295A8299000D55C5 /* Assets.xcassets in Resources */,
				6620284A29CD657D00D3BD1C /* GoogleService-Info.plist in Resources */,
			);
			runOnlyForDeploymentPostprocessing = 0;
		};
/* End PBXResourcesBuildPhase section */

/* Begin PBXSourcesBuildPhase section */
		2C7A8C63295A8298000D55C5 /* Sources */ = {
			isa = PBXSourcesBuildPhase;
			buildActionMask = 2147483647;
			files = (
				2CEFECA3295C130B006DA0AA /* CatalogueProductStore.swift in Sources */,
				5B94B4372963A4EB00D35017 /* SnapScrollingHstack.swift in Sources */,
				2CEFEC77295C0FBC006DA0AA /* CartSignInView.swift in Sources */,
				2CEFEC9C295C12F7006DA0AA /* CartTest.swift in Sources */,
				92A670042963DB1D00E9491D /* CartView.swift in Sources */,
				2C7A8C6D295A8298000D55C5 /* ContentView.swift in Sources */,
				2CEFEC74295C0FBC006DA0AA /* PaymentView.swift in Sources */,
				2CEFEC9B295C12F7006DA0AA /* ProductStore.swift in Sources */,
				1A3AE9D12963C7440024DBB1 /* DetailTestView.swift in Sources */,
				2CEFEC79295C0FBC006DA0AA /* SearchProcessView.swift in Sources */,
				2CEFEC85295C0FBC006DA0AA /* MyDeviceListView.swift in Sources */,
				2CEFEC99295C12F7006DA0AA /* Product.swift in Sources */,
				2CEFEC73295C0FBC006DA0AA /* CheckOrderView.swift in Sources */,
				2CEFEC8B295C0FBC006DA0AA /* MainMyProductView.swift in Sources */,
				2CEFEC9A295C12F7006DA0AA /* CartStore.swift in Sources */,
				2CEFEC81295C0FBC006DA0AA /* MyProfileView.swift in Sources */,
				5BFF2C48296465D50040FE65 /* ShadowModifiers.swift in Sources */,
				2CEFEC89295C0FBC006DA0AA /* MainProductDetailView.swift in Sources */,
				2CEFEC7E295C0FBC006DA0AA /* AddMyAddressView.swift in Sources */,
				2CEFEC86295C0FBC006DA0AA /* MypageView.swift in Sources */,
				2CEFEC76295C0FBC006DA0AA /* CartSignOutView.swift in Sources */,
				2CEFEC7A295C0FBC006DA0AA /* SearchResultView.swift in Sources */,
				2CEFECA4295C130B006DA0AA /* CatalogueProduct.swift in Sources */,
				2CEFEC8A295C0FBC006DA0AA /* MainPromotionView.swift in Sources */,
				2CEFEC93295C0FBC006DA0AA /* DetailButtonView.swift in Sources */,
				2CEFEC7D295C0FBC006DA0AA /* MyOrderDetailView.swift in Sources */,
				2C293046295AAA09003C77F8 /* UserInfo.swift in Sources */,
				2CEFEC41295ABA3E006DA0AA /* DetailOrder.swift in Sources */,
				8B4376FE295ABC4D002D4AAB /* OrderStore.swift in Sources */,
				2CEFEC80295C0FBC006DA0AA /* MyAddressListView.swift in Sources */,
				2CEFEC92295C0FBC006DA0AA /* MemoryOptionView.swift in Sources */,
				2CEFEC75295C0FBC006DA0AA /* EmptyCartView.swift in Sources */,
				2C293048295AAC36003C77F8 /* UserInfoStore.swift in Sources */,
				2CEFEC7B295C0FBC006DA0AA /* EtcFilterView.swift in Sources */,
				2C7A8C6B295A8298000D55C5 /* AppleMarketApp.swift in Sources */,
				2CEFEC91295C0FBC006DA0AA /* ModelOptionView.swift in Sources */,
				2CEFEC9D295C12F7006DA0AA /* Cart.swift in Sources */,
				2CEFEC78295C0FBC006DA0AA /* SearchView.swift in Sources */,
				2CEFEC8E295C0FBC006DA0AA /* AppleCareOptionView.swift in Sources */,
				2CEFEC42295ABA3E006DA0AA /* Order.swift in Sources */,
				2CEFEC83295C0FBC006DA0AA /* LoginView.swift in Sources */,
				021408592963FD5A0051FF33 /* NotLoginMyPageView.swift in Sources */,
				2CEFEC72295C0FBC006DA0AA /* ShippingView.swift in Sources */,
				2CEFEC7F295C0FBC006DA0AA /* AddMyDeviceView.swift in Sources */,
				021408582963FD5A0051FF33 /* LoginMyPageView.swift in Sources */,
				2CEFEC84295C0FBC006DA0AA /* SignUpView.swift in Sources */,
				2CEFEC7C295C0FBC006DA0AA /* MyDeviceFilterView.swift in Sources */,
				2CEFEC90295C0FBC006DA0AA /* MainView.swift in Sources */,
				2CEFEC87295C0FBC006DA0AA /* MainProductView.swift in Sources */,
				2CEFEC8D295C0FBC006DA0AA /* ColorOptionView.swift in Sources */,
				2CEFEC8C295C0FBC006DA0AA /* MyProductDetailView.swift in Sources */,
				8B437700295ACB40002D4AAB /* OrderTestView.swift in Sources */,
				2CEFEC8F295C0FBC006DA0AA /* MyProductResultView.swift in Sources */,
				2CEFEC82295C0FBC006DA0AA /* MyOrderView.swift in Sources */,
				1A3AE9D32963E1400024DBB1 /* DetailView.swift in Sources */,
			);
			runOnlyForDeploymentPostprocessing = 0;
		};
/* End PBXSourcesBuildPhase section */

/* Begin XCBuildConfiguration section */
		2C7A8C73295A8299000D55C5 /* Debug */ = {
			isa = XCBuildConfiguration;
			buildSettings = {
				ALWAYS_SEARCH_USER_PATHS = NO;
				CLANG_ANALYZER_NONNULL = YES;
				CLANG_ANALYZER_NUMBER_OBJECT_CONVERSION = YES_AGGRESSIVE;
				CLANG_CXX_LANGUAGE_STANDARD = "gnu++20";
				CLANG_ENABLE_MODULES = YES;
				CLANG_ENABLE_OBJC_ARC = YES;
				CLANG_ENABLE_OBJC_WEAK = YES;
				CLANG_WARN_BLOCK_CAPTURE_AUTORELEASING = YES;
				CLANG_WARN_BOOL_CONVERSION = YES;
				CLANG_WARN_COMMA = YES;
				CLANG_WARN_CONSTANT_CONVERSION = YES;
				CLANG_WARN_DEPRECATED_OBJC_IMPLEMENTATIONS = YES;
				CLANG_WARN_DIRECT_OBJC_ISA_USAGE = YES_ERROR;
				CLANG_WARN_DOCUMENTATION_COMMENTS = YES;
				CLANG_WARN_EMPTY_BODY = YES;
				CLANG_WARN_ENUM_CONVERSION = YES;
				CLANG_WARN_INFINITE_RECURSION = YES;
				CLANG_WARN_INT_CONVERSION = YES;
				CLANG_WARN_NON_LITERAL_NULL_CONVERSION = YES;
				CLANG_WARN_OBJC_IMPLICIT_RETAIN_SELF = YES;
				CLANG_WARN_OBJC_LITERAL_CONVERSION = YES;
				CLANG_WARN_OBJC_ROOT_CLASS = YES_ERROR;
				CLANG_WARN_QUOTED_INCLUDE_IN_FRAMEWORK_HEADER = YES;
				CLANG_WARN_RANGE_LOOP_ANALYSIS = YES;
				CLANG_WARN_STRICT_PROTOTYPES = YES;
				CLANG_WARN_SUSPICIOUS_MOVE = YES;
				CLANG_WARN_UNGUARDED_AVAILABILITY = YES_AGGRESSIVE;
				CLANG_WARN_UNREACHABLE_CODE = YES;
				CLANG_WARN__DUPLICATE_METHOD_MATCH = YES;
				COPY_PHASE_STRIP = NO;
				DEBUG_INFORMATION_FORMAT = dwarf;
				ENABLE_STRICT_OBJC_MSGSEND = YES;
				ENABLE_TESTABILITY = YES;
				GCC_C_LANGUAGE_STANDARD = gnu11;
				GCC_DYNAMIC_NO_PIC = NO;
				GCC_NO_COMMON_BLOCKS = YES;
				GCC_OPTIMIZATION_LEVEL = 0;
				GCC_PREPROCESSOR_DEFINITIONS = (
					"DEBUG=1",
					"$(inherited)",
				);
				GCC_WARN_64_TO_32_BIT_CONVERSION = YES;
				GCC_WARN_ABOUT_RETURN_TYPE = YES_ERROR;
				GCC_WARN_UNDECLARED_SELECTOR = YES;
				GCC_WARN_UNINITIALIZED_AUTOS = YES_AGGRESSIVE;
				GCC_WARN_UNUSED_FUNCTION = YES;
				GCC_WARN_UNUSED_VARIABLE = YES;
				IPHONEOS_DEPLOYMENT_TARGET = 16.2;
				MTL_ENABLE_DEBUG_INFO = INCLUDE_SOURCE;
				MTL_FAST_MATH = YES;
				ONLY_ACTIVE_ARCH = YES;
				SDKROOT = iphoneos;
				SWIFT_ACTIVE_COMPILATION_CONDITIONS = DEBUG;
				SWIFT_OPTIMIZATION_LEVEL = "-Onone";
			};
			name = Debug;
		};
		2C7A8C74295A8299000D55C5 /* Release */ = {
			isa = XCBuildConfiguration;
			buildSettings = {
				ALWAYS_SEARCH_USER_PATHS = NO;
				CLANG_ANALYZER_NONNULL = YES;
				CLANG_ANALYZER_NUMBER_OBJECT_CONVERSION = YES_AGGRESSIVE;
				CLANG_CXX_LANGUAGE_STANDARD = "gnu++20";
				CLANG_ENABLE_MODULES = YES;
				CLANG_ENABLE_OBJC_ARC = YES;
				CLANG_ENABLE_OBJC_WEAK = YES;
				CLANG_WARN_BLOCK_CAPTURE_AUTORELEASING = YES;
				CLANG_WARN_BOOL_CONVERSION = YES;
				CLANG_WARN_COMMA = YES;
				CLANG_WARN_CONSTANT_CONVERSION = YES;
				CLANG_WARN_DEPRECATED_OBJC_IMPLEMENTATIONS = YES;
				CLANG_WARN_DIRECT_OBJC_ISA_USAGE = YES_ERROR;
				CLANG_WARN_DOCUMENTATION_COMMENTS = YES;
				CLANG_WARN_EMPTY_BODY = YES;
				CLANG_WARN_ENUM_CONVERSION = YES;
				CLANG_WARN_INFINITE_RECURSION = YES;
				CLANG_WARN_INT_CONVERSION = YES;
				CLANG_WARN_NON_LITERAL_NULL_CONVERSION = YES;
				CLANG_WARN_OBJC_IMPLICIT_RETAIN_SELF = YES;
				CLANG_WARN_OBJC_LITERAL_CONVERSION = YES;
				CLANG_WARN_OBJC_ROOT_CLASS = YES_ERROR;
				CLANG_WARN_QUOTED_INCLUDE_IN_FRAMEWORK_HEADER = YES;
				CLANG_WARN_RANGE_LOOP_ANALYSIS = YES;
				CLANG_WARN_STRICT_PROTOTYPES = YES;
				CLANG_WARN_SUSPICIOUS_MOVE = YES;
				CLANG_WARN_UNGUARDED_AVAILABILITY = YES_AGGRESSIVE;
				CLANG_WARN_UNREACHABLE_CODE = YES;
				CLANG_WARN__DUPLICATE_METHOD_MATCH = YES;
				COPY_PHASE_STRIP = NO;
				DEBUG_INFORMATION_FORMAT = "dwarf-with-dsym";
				ENABLE_NS_ASSERTIONS = NO;
				ENABLE_STRICT_OBJC_MSGSEND = YES;
				GCC_C_LANGUAGE_STANDARD = gnu11;
				GCC_NO_COMMON_BLOCKS = YES;
				GCC_WARN_64_TO_32_BIT_CONVERSION = YES;
				GCC_WARN_ABOUT_RETURN_TYPE = YES_ERROR;
				GCC_WARN_UNDECLARED_SELECTOR = YES;
				GCC_WARN_UNINITIALIZED_AUTOS = YES_AGGRESSIVE;
				GCC_WARN_UNUSED_FUNCTION = YES;
				GCC_WARN_UNUSED_VARIABLE = YES;
				IPHONEOS_DEPLOYMENT_TARGET = 16.2;
				MTL_ENABLE_DEBUG_INFO = NO;
				MTL_FAST_MATH = YES;
				SDKROOT = iphoneos;
				SWIFT_COMPILATION_MODE = wholemodule;
				SWIFT_OPTIMIZATION_LEVEL = "-O";
				VALIDATE_PRODUCT = YES;
			};
			name = Release;
		};
		2C7A8C76295A8299000D55C5 /* Debug */ = {
			isa = XCBuildConfiguration;
			buildSettings = {
				ASSETCATALOG_COMPILER_APPICON_NAME = AppIcon;
				ASSETCATALOG_COMPILER_GLOBAL_ACCENT_COLOR_NAME = AccentColor;
				CODE_SIGN_STYLE = Automatic;
				CURRENT_PROJECT_VERSION = 1;
				DEVELOPMENT_ASSET_PATHS = "\"AppleMarket/Preview Content\"";
				DEVELOPMENT_TEAM = D3U7XS5ZX2;
				ENABLE_PREVIEWS = YES;
				GENERATE_INFOPLIST_FILE = YES;
				INFOPLIST_FILE = AppleMarket/Info.plist;
				INFOPLIST_KEY_UIApplicationSceneManifest_Generation = YES;
				INFOPLIST_KEY_UIApplicationSupportsIndirectInputEvents = YES;
				INFOPLIST_KEY_UILaunchScreen_Generation = YES;
				INFOPLIST_KEY_UISupportedInterfaceOrientations_iPad = "UIInterfaceOrientationPortrait UIInterfaceOrientationPortraitUpsideDown UIInterfaceOrientationLandscapeLeft UIInterfaceOrientationLandscapeRight";
				INFOPLIST_KEY_UISupportedInterfaceOrientations_iPhone = "UIInterfaceOrientationPortrait UIInterfaceOrientationLandscapeLeft UIInterfaceOrientationLandscapeRight";
				LD_RUNPATH_SEARCH_PATHS = (
					"$(inherited)",
					"@executable_path/Frameworks",
				);
				MARKETING_VERSION = 1.0;
				PRODUCT_BUNDLE_IDENTIFIER = com.LikeLion.AppleMarket;
				PRODUCT_NAME = "$(TARGET_NAME)";
				SWIFT_EMIT_LOC_STRINGS = YES;
				SWIFT_VERSION = 5.0;
				TARGETED_DEVICE_FAMILY = "1,2";
			};
			name = Debug;
		};
		2C7A8C77295A8299000D55C5 /* Release */ = {
			isa = XCBuildConfiguration;
			buildSettings = {
				ASSETCATALOG_COMPILER_APPICON_NAME = AppIcon;
				ASSETCATALOG_COMPILER_GLOBAL_ACCENT_COLOR_NAME = AccentColor;
				CODE_SIGN_STYLE = Automatic;
				CURRENT_PROJECT_VERSION = 1;
				DEVELOPMENT_ASSET_PATHS = "\"AppleMarket/Preview Content\"";
				DEVELOPMENT_TEAM = D3U7XS5ZX2;
				ENABLE_PREVIEWS = YES;
				GENERATE_INFOPLIST_FILE = YES;
				INFOPLIST_FILE = AppleMarket/Info.plist;
				INFOPLIST_KEY_UIApplicationSceneManifest_Generation = YES;
				INFOPLIST_KEY_UIApplicationSupportsIndirectInputEvents = YES;
				INFOPLIST_KEY_UILaunchScreen_Generation = YES;
				INFOPLIST_KEY_UISupportedInterfaceOrientations_iPad = "UIInterfaceOrientationPortrait UIInterfaceOrientationPortraitUpsideDown UIInterfaceOrientationLandscapeLeft UIInterfaceOrientationLandscapeRight";
				INFOPLIST_KEY_UISupportedInterfaceOrientations_iPhone = "UIInterfaceOrientationPortrait UIInterfaceOrientationLandscapeLeft UIInterfaceOrientationLandscapeRight";
				LD_RUNPATH_SEARCH_PATHS = (
					"$(inherited)",
					"@executable_path/Frameworks",
				);
				MARKETING_VERSION = 1.0;
				PRODUCT_BUNDLE_IDENTIFIER = com.LikeLion.AppleMarket;
				PRODUCT_NAME = "$(TARGET_NAME)";
				SWIFT_EMIT_LOC_STRINGS = YES;
				SWIFT_VERSION = 5.0;
				TARGETED_DEVICE_FAMILY = "1,2";
			};
			name = Release;
		};
/* End XCBuildConfiguration section */

/* Begin XCConfigurationList section */
		2C7A8C62295A8298000D55C5 /* Build configuration list for PBXProject "AppleMarket" */ = {
			isa = XCConfigurationList;
			buildConfigurations = (
				2C7A8C73295A8299000D55C5 /* Debug */,
				2C7A8C74295A8299000D55C5 /* Release */,
			);
			defaultConfigurationIsVisible = 0;
			defaultConfigurationName = Release;
		};
		2C7A8C75295A8299000D55C5 /* Build configuration list for PBXNativeTarget "AppleMarket" */ = {
			isa = XCConfigurationList;
			buildConfigurations = (
				2C7A8C76295A8299000D55C5 /* Debug */,
				2C7A8C77295A8299000D55C5 /* Release */,
			);
			defaultConfigurationIsVisible = 0;
			defaultConfigurationName = Release;
		};
/* End XCConfigurationList section */

/* Begin XCRemoteSwiftPackageReference section */
		2C7A8C7A295AA678000D55C5 /* XCRemoteSwiftPackageReference "firebase-ios-sdk" */ = {
			isa = XCRemoteSwiftPackageReference;
			repositoryURL = "https://github.com/firebase/firebase-ios-sdk";
			requirement = {
				branch = master;
				kind = branch;
			};
		};
		2C7A8C87295AA6CC000D55C5 /* XCRemoteSwiftPackageReference "GoogleSignIn-iOS" */ = {
			isa = XCRemoteSwiftPackageReference;
			repositoryURL = "https://github.com/google/GoogleSignIn-iOS";
			requirement = {
				branch = main;
				kind = branch;
			};
		};
/* End XCRemoteSwiftPackageReference section */

/* Begin XCSwiftPackageProductDependency section */
		2C7A8C7B295AA678000D55C5 /* FirebaseAuth */ = {
			isa = XCSwiftPackageProductDependency;
			package = 2C7A8C7A295AA678000D55C5 /* XCRemoteSwiftPackageReference "firebase-ios-sdk" */;
			productName = FirebaseAuth;
		};
		2C7A8C7D295AA678000D55C5 /* FirebaseDatabase */ = {
			isa = XCSwiftPackageProductDependency;
			package = 2C7A8C7A295AA678000D55C5 /* XCRemoteSwiftPackageReference "firebase-ios-sdk" */;
			productName = FirebaseDatabase;
		};
		2C7A8C7F295AA678000D55C5 /* FirebaseDatabaseSwift */ = {
			isa = XCSwiftPackageProductDependency;
			package = 2C7A8C7A295AA678000D55C5 /* XCRemoteSwiftPackageReference "firebase-ios-sdk" */;
			productName = FirebaseDatabaseSwift;
		};
		2C7A8C81295AA678000D55C5 /* FirebaseFirestore */ = {
			isa = XCSwiftPackageProductDependency;
			package = 2C7A8C7A295AA678000D55C5 /* XCRemoteSwiftPackageReference "firebase-ios-sdk" */;
			productName = FirebaseFirestore;
		};
		2C7A8C83295AA678000D55C5 /* FirebaseFirestoreSwift */ = {
			isa = XCSwiftPackageProductDependency;
			package = 2C7A8C7A295AA678000D55C5 /* XCRemoteSwiftPackageReference "firebase-ios-sdk" */;
			productName = FirebaseFirestoreSwift;
		};
		2C7A8C85295AA678000D55C5 /* FirebaseStorage */ = {
			isa = XCSwiftPackageProductDependency;
			package = 2C7A8C7A295AA678000D55C5 /* XCRemoteSwiftPackageReference "firebase-ios-sdk" */;
			productName = FirebaseStorage;
		};
		2C7A8C88295AA6CC000D55C5 /* GoogleSignIn */ = {
			isa = XCSwiftPackageProductDependency;
			package = 2C7A8C87295AA6CC000D55C5 /* XCRemoteSwiftPackageReference "GoogleSignIn-iOS" */;
			productName = GoogleSignIn;
		};
		2C7A8C8A295AA6CC000D55C5 /* GoogleSignInSwift */ = {
			isa = XCSwiftPackageProductDependency;
			package = 2C7A8C87295AA6CC000D55C5 /* XCRemoteSwiftPackageReference "GoogleSignIn-iOS" */;
			productName = GoogleSignInSwift;
		};
/* End XCSwiftPackageProductDependency section */
	};
	rootObject = 2C7A8C5F295A8298000D55C5 /* Project object */;
}
