// !$*UTF8*$!
{
	archiveVersion = 1;
	classes = {
	};
	objectVersion = 56;
	objects = {

/* Begin PBXBuildFile section */
		0B451058295BDF38008CC0A7 /* UserProduct.swift in Sources */ = {isa = PBXBuildFile; fileRef = 0B451057295BDF38008CC0A7 /* UserProduct.swift */; };
		2C293046295AAA09003C77F8 /* UserInfo.swift in Sources */ = {isa = PBXBuildFile; fileRef = 2C293045295AAA09003C77F8 /* UserInfo.swift */; };
		2C293048295AAC36003C77F8 /* UserInfoStore.swift in Sources */ = {isa = PBXBuildFile; fileRef = 2C293047295AAC36003C77F8 /* UserInfoStore.swift */; };
		2C7A8C6B295A8298000D55C5 /* AppleMarketApp.swift in Sources */ = {isa = PBXBuildFile; fileRef = 2C7A8C6A295A8298000D55C5 /* AppleMarketApp.swift */; };
		2C7A8C6D295A8298000D55C5 /* ContentView.swift in Sources */ = {isa = PBXBuildFile; fileRef = 2C7A8C6C295A8298000D55C5 /* ContentView.swift */; };
		2C7A8C6F295A8299000D55C5 /* Assets.xcassets in Resources */ = {isa = PBXBuildFile; fileRef = 2C7A8C6E295A8299000D55C5 /* Assets.xcassets */; };
		2C7A8C72295A8299000D55C5 /* Preview Assets.xcassets in Resources */ = {isa = PBXBuildFile; fileRef = 2C7A8C71295A8299000D55C5 /* Preview Assets.xcassets */; };
		2C7A8C79295A88B1000D55C5 /* GoogleService-Info.plist in Resources */ = {isa = PBXBuildFile; fileRef = 2C7A8C78295A88B1000D55C5 /* GoogleService-Info.plist */; };
		2C7A8C7C295AA678000D55C5 /* FirebaseAuth in Frameworks */ = {isa = PBXBuildFile; productRef = 2C7A8C7B295AA678000D55C5 /* FirebaseAuth */; };
		2C7A8C7E295AA678000D55C5 /* FirebaseDatabase in Frameworks */ = {isa = PBXBuildFile; productRef = 2C7A8C7D295AA678000D55C5 /* FirebaseDatabase */; };
		2C7A8C80295AA678000D55C5 /* FirebaseDatabaseSwift in Frameworks */ = {isa = PBXBuildFile; productRef = 2C7A8C7F295AA678000D55C5 /* FirebaseDatabaseSwift */; };
		2C7A8C82295AA678000D55C5 /* FirebaseFirestore in Frameworks */ = {isa = PBXBuildFile; productRef = 2C7A8C81295AA678000D55C5 /* FirebaseFirestore */; };
		2C7A8C84295AA678000D55C5 /* FirebaseFirestoreSwift in Frameworks */ = {isa = PBXBuildFile; productRef = 2C7A8C83295AA678000D55C5 /* FirebaseFirestoreSwift */; };
		2C7A8C86295AA678000D55C5 /* FirebaseStorage in Frameworks */ = {isa = PBXBuildFile; productRef = 2C7A8C85295AA678000D55C5 /* FirebaseStorage */; };
		2C7A8C89295AA6CC000D55C5 /* GoogleSignIn in Frameworks */ = {isa = PBXBuildFile; productRef = 2C7A8C88295AA6CC000D55C5 /* GoogleSignIn */; };
		2C7A8C8B295AA6CC000D55C5 /* GoogleSignInSwift in Frameworks */ = {isa = PBXBuildFile; productRef = 2C7A8C8A295AA6CC000D55C5 /* GoogleSignInSwift */; };
		2CEFEC41295ABA3E006DA0AA /* DetailOrder.swift in Sources */ = {isa = PBXBuildFile; fileRef = 2CEFEC3F295ABA3E006DA0AA /* DetailOrder.swift */; };
		2CEFEC42295ABA3E006DA0AA /* Order.swift in Sources */ = {isa = PBXBuildFile; fileRef = 2CEFEC40295ABA3E006DA0AA /* Order.swift */; };
		82206F81295AAC6E008D3D36 /* Cart.swift in Sources */ = {isa = PBXBuildFile; fileRef = 82206F80295AAC6E008D3D36 /* Cart.swift */; };
		82B0359F295AB7FE00A03B7D /* CartStore.swift in Sources */ = {isa = PBXBuildFile; fileRef = 82B0359E295AB7FE00A03B7D /* CartStore.swift */; };
		82B035A9295B2E1800A03B7D /* Product.swift in Sources */ = {isa = PBXBuildFile; fileRef = 82B035A8295B2E1700A03B7D /* Product.swift */; };
		82B035AB295B2E1D00A03B7D /* ProductStore.swift in Sources */ = {isa = PBXBuildFile; fileRef = 82B035AA295B2E1D00A03B7D /* ProductStore.swift */; };
		8B4376FE295ABC4D002D4AAB /* OrderStore.swift in Sources */ = {isa = PBXBuildFile; fileRef = 8B4376FD295ABC4D002D4AAB /* OrderStore.swift */; };
		8B437700295ACB40002D4AAB /* OrderTestView.swift in Sources */ = {isa = PBXBuildFile; fileRef = 8B4376FF295ACB40002D4AAB /* OrderTestView.swift */; };
		E89514D0295BD2850046F38A /* UserProductStore.swift in Sources */ = {isa = PBXBuildFile; fileRef = E89514CF295BD2850046F38A /* UserProductStore.swift */; };
		E89514D2295BD6830046F38A /* UserProductTestView.swift in Sources */ = {isa = PBXBuildFile; fileRef = E89514D1295BD6830046F38A /* UserProductTestView.swift */; };
/* End PBXBuildFile section */

/* Begin PBXFileReference section */
		0B451057295BDF38008CC0A7 /* UserProduct.swift */ = {isa = PBXFileReference; lastKnownFileType = sourcecode.swift; path = UserProduct.swift; sourceTree = "<group>"; };
		2C293045295AAA09003C77F8 /* UserInfo.swift */ = {isa = PBXFileReference; lastKnownFileType = sourcecode.swift; path = UserInfo.swift; sourceTree = "<group>"; };
		2C293047295AAC36003C77F8 /* UserInfoStore.swift */ = {isa = PBXFileReference; lastKnownFileType = sourcecode.swift; path = UserInfoStore.swift; sourceTree = "<group>"; };
		2C7A8C67295A8298000D55C5 /* AppleMarket.app */ = {isa = PBXFileReference; explicitFileType = wrapper.application; includeInIndex = 0; path = AppleMarket.app; sourceTree = BUILT_PRODUCTS_DIR; };
		2C7A8C6A295A8298000D55C5 /* AppleMarketApp.swift */ = {isa = PBXFileReference; lastKnownFileType = sourcecode.swift; path = AppleMarketApp.swift; sourceTree = "<group>"; };
		2C7A8C6C295A8298000D55C5 /* ContentView.swift */ = {isa = PBXFileReference; lastKnownFileType = sourcecode.swift; path = ContentView.swift; sourceTree = "<group>"; };
		2C7A8C6E295A8299000D55C5 /* Assets.xcassets */ = {isa = PBXFileReference; lastKnownFileType = folder.assetcatalog; path = Assets.xcassets; sourceTree = "<group>"; };
		2C7A8C71295A8299000D55C5 /* Preview Assets.xcassets */ = {isa = PBXFileReference; lastKnownFileType = folder.assetcatalog; path = "Preview Assets.xcassets"; sourceTree = "<group>"; };
		2C7A8C78295A88B1000D55C5 /* GoogleService-Info.plist */ = {isa = PBXFileReference; fileEncoding = 4; lastKnownFileType = text.plist.xml; path = "GoogleService-Info.plist"; sourceTree = "<group>"; };
		2C7A8C8C295AA6E2000D55C5 /* Info.plist */ = {isa = PBXFileReference; lastKnownFileType = text.plist; path = Info.plist; sourceTree = "<group>"; };
		2CEFEC3F295ABA3E006DA0AA /* DetailOrder.swift */ = {isa = PBXFileReference; fileEncoding = 4; lastKnownFileType = sourcecode.swift; path = DetailOrder.swift; sourceTree = "<group>"; };
		2CEFEC40295ABA3E006DA0AA /* Order.swift */ = {isa = PBXFileReference; fileEncoding = 4; lastKnownFileType = sourcecode.swift; path = Order.swift; sourceTree = "<group>"; };
		82206F80295AAC6E008D3D36 /* Cart.swift */ = {isa = PBXFileReference; lastKnownFileType = sourcecode.swift; path = Cart.swift; sourceTree = "<group>"; };
		82B0359E295AB7FE00A03B7D /* CartStore.swift */ = {isa = PBXFileReference; lastKnownFileType = sourcecode.swift; path = CartStore.swift; sourceTree = "<group>"; };
		82B035A8295B2E1700A03B7D /* Product.swift */ = {isa = PBXFileReference; fileEncoding = 4; lastKnownFileType = sourcecode.swift; path = Product.swift; sourceTree = "<group>"; };
		82B035AA295B2E1D00A03B7D /* ProductStore.swift */ = {isa = PBXFileReference; fileEncoding = 4; lastKnownFileType = sourcecode.swift; path = ProductStore.swift; sourceTree = "<group>"; };
		8B4376FD295ABC4D002D4AAB /* OrderStore.swift */ = {isa = PBXFileReference; lastKnownFileType = sourcecode.swift; path = OrderStore.swift; sourceTree = "<group>"; };
		8B4376FF295ACB40002D4AAB /* OrderTestView.swift */ = {isa = PBXFileReference; lastKnownFileType = sourcecode.swift; path = OrderTestView.swift; sourceTree = "<group>"; };
		E89514CF295BD2850046F38A /* UserProductStore.swift */ = {isa = PBXFileReference; lastKnownFileType = sourcecode.swift; path = UserProductStore.swift; sourceTree = "<group>"; };
		E89514D1295BD6830046F38A /* UserProductTestView.swift */ = {isa = PBXFileReference; lastKnownFileType = sourcecode.swift; path = UserProductTestView.swift; sourceTree = "<group>"; };
/* End PBXFileReference section */

/* Begin PBXFrameworksBuildPhase section */
		2C7A8C64295A8298000D55C5 /* Frameworks */ = {
			isa = PBXFrameworksBuildPhase;
			buildActionMask = 2147483647;
			files = (
				2C7A8C84295AA678000D55C5 /* FirebaseFirestoreSwift in Frameworks */,
				2C7A8C80295AA678000D55C5 /* FirebaseDatabaseSwift in Frameworks */,
				2C7A8C82295AA678000D55C5 /* FirebaseFirestore in Frameworks */,
				2C7A8C8B295AA6CC000D55C5 /* GoogleSignInSwift in Frameworks */,
				2C7A8C7E295AA678000D55C5 /* FirebaseDatabase in Frameworks */,
				2C7A8C7C295AA678000D55C5 /* FirebaseAuth in Frameworks */,
				2C7A8C86295AA678000D55C5 /* FirebaseStorage in Frameworks */,
				2C7A8C89295AA6CC000D55C5 /* GoogleSignIn in Frameworks */,
			);
			runOnlyForDeploymentPostprocessing = 0;
		};
/* End PBXFrameworksBuildPhase section */

/* Begin PBXGroup section */
		2C293044295AA91A003C77F8 /* UserAuth */ = {
			isa = PBXGroup;
			children = (
				2C293045295AAA09003C77F8 /* UserInfo.swift */,
				2C293047295AAC36003C77F8 /* UserInfoStore.swift */,
			);
			path = UserAuth;
			sourceTree = "<group>";
		};
		2C7A8C5E295A8298000D55C5 = {
			isa = PBXGroup;
			children = (
				0B451057295BDF38008CC0A7 /* UserProduct.swift */,
				E89514CF295BD2850046F38A /* UserProductStore.swift */,
				E89514D1295BD6830046F38A /* UserProductTestView.swift */,
				2C7A8C78295A88B1000D55C5 /* GoogleService-Info.plist */,
				2C7A8C69295A8298000D55C5 /* AppleMarket */,
				2C7A8C68295A8298000D55C5 /* Products */,
			);
			sourceTree = "<group>";
		};
		2C7A8C68295A8298000D55C5 /* Products */ = {
			isa = PBXGroup;
			children = (
				2C7A8C67295A8298000D55C5 /* AppleMarket.app */,
			);
			name = Products;
			sourceTree = "<group>";
		};
		2C7A8C69295A8298000D55C5 /* AppleMarket */ = {
			isa = PBXGroup;
			children = (
				2C7A8C8E295AA700000D55C5 /* Back */,
				2C7A8C8D295AA6F9000D55C5 /* Front */,
				2C7A8C8C295AA6E2000D55C5 /* Info.plist */,
				2C7A8C6A295A8298000D55C5 /* AppleMarketApp.swift */,
				2C7A8C6C295A8298000D55C5 /* ContentView.swift */,
				2C7A8C6E295A8299000D55C5 /* Assets.xcassets */,
				2C7A8C70295A8299000D55C5 /* Preview Content */,
			);
			path = AppleMarket;
			sourceTree = "<group>";
		};
		2C7A8C70295A8299000D55C5 /* Preview Content */ = {
			isa = PBXGroup;
			children = (
				2C7A8C71295A8299000D55C5 /* Preview Assets.xcassets */,
			);
			path = "Preview Content";
			sourceTree = "<group>";
		};
		2C7A8C8D295AA6F9000D55C5 /* Front */ = {
			isa = PBXGroup;
			children = (
			);
			path = Front;
			sourceTree = "<group>";
		};
		2C7A8C8E295AA700000D55C5 /* Back */ = {
			isa = PBXGroup;
			children = (
				2CEFEC3A295AB456006DA0AA /* Order */,
				82206F82295AAE9C008D3D36 /* Cart */,
				2C293044295AA91A003C77F8 /* UserAuth */,
			);
			path = Back;
			sourceTree = "<group>";
		};
		2CEFEC3A295AB456006DA0AA /* Order */ = {
			isa = PBXGroup;
			children = (
				2CEFEC3F295ABA3E006DA0AA /* DetailOrder.swift */,
				8B4376FD295ABC4D002D4AAB /* OrderStore.swift */,
				8B4376FF295ACB40002D4AAB /* OrderTestView.swift */,
				2CEFEC40295ABA3E006DA0AA /* Order.swift */,
			);
			path = Order;
			sourceTree = "<group>";
		};
		82206F82295AAE9C008D3D36 /* Cart */ = {
			isa = PBXGroup;
			children = (
				82B035A8295B2E1700A03B7D /* Product.swift */,
				82B035AA295B2E1D00A03B7D /* ProductStore.swift */,
				82206F80295AAC6E008D3D36 /* Cart.swift */,
				82B0359E295AB7FE00A03B7D /* CartStore.swift */,
			);
			path = Cart;
			sourceTree = "<group>";
		};
/* End PBXGroup section */

/* Begin PBXNativeTarget section */
		2C7A8C66295A8298000D55C5 /* AppleMarket */ = {
			isa = PBXNativeTarget;
			buildConfigurationList = 2C7A8C75295A8299000D55C5 /* Build configuration list for PBXNativeTarget "AppleMarket" */;
			buildPhases = (
				2C7A8C63295A8298000D55C5 /* Sources */,
				2C7A8C64295A8298000D55C5 /* Frameworks */,
				2C7A8C65295A8298000D55C5 /* Resources */,
			);
			buildRules = (
			);
			dependencies = (
			);
			name = AppleMarket;
			packageProductDependencies = (
				2C7A8C7B295AA678000D55C5 /* FirebaseAuth */,
				2C7A8C7D295AA678000D55C5 /* FirebaseDatabase */,
				2C7A8C7F295AA678000D55C5 /* FirebaseDatabaseSwift */,
				2C7A8C81295AA678000D55C5 /* FirebaseFirestore */,
				2C7A8C83295AA678000D55C5 /* FirebaseFirestoreSwift */,
				2C7A8C85295AA678000D55C5 /* FirebaseStorage */,
				2C7A8C88295AA6CC000D55C5 /* GoogleSignIn */,
				2C7A8C8A295AA6CC000D55C5 /* GoogleSignInSwift */,
			);
			productName = AppleMarket;
			productReference = 2C7A8C67295A8298000D55C5 /* AppleMarket.app */;
			productType = "com.apple.product-type.application";
		};
/* End PBXNativeTarget section */

/* Begin PBXProject section */
		2C7A8C5F295A8298000D55C5 /* Project object */ = {
			isa = PBXProject;
			attributes = {
				BuildIndependentTargetsInParallel = 1;
				LastSwiftUpdateCheck = 1420;
				LastUpgradeCheck = 1420;
				TargetAttributes = {
					2C7A8C66295A8298000D55C5 = {
						CreatedOnToolsVersion = 14.2;
					};
				};
			};
			buildConfigurationList = 2C7A8C62295A8298000D55C5 /* Build configuration list for PBXProject "AppleMarket" */;
			compatibilityVersion = "Xcode 14.0";
			developmentRegion = en;
			hasScannedForEncodings = 0;
			knownRegions = (
				en,
				Base,
			);
			mainGroup = 2C7A8C5E295A8298000D55C5;
			packageReferences = (
				2C7A8C7A295AA678000D55C5 /* XCRemoteSwiftPackageReference "firebase-ios-sdk" */,
				2C7A8C87295AA6CC000D55C5 /* XCRemoteSwiftPackageReference "GoogleSignIn-iOS" */,
			);
			productRefGroup = 2C7A8C68295A8298000D55C5 /* Products */;
			projectDirPath = "";
			projectRoot = "";
			targets = (
				2C7A8C66295A8298000D55C5 /* AppleMarket */,
			);
		};
/* End PBXProject section */

/* Begin PBXResourcesBuildPhase section */
		2C7A8C65295A8298000D55C5 /* Resources */ = {
			isa = PBXResourcesBuildPhase;
			buildActionMask = 2147483647;
			files = (
				2C7A8C72295A8299000D55C5 /* Preview Assets.xcassets in Resources */,
				2C7A8C6F295A8299000D55C5 /* Assets.xcassets in Resources */,
				2C7A8C79295A88B1000D55C5 /* GoogleService-Info.plist in Resources */,
			);
			runOnlyForDeploymentPostprocessing = 0;
		};
/* End PBXResourcesBuildPhase section */

/* Begin PBXSourcesBuildPhase section */
		2C7A8C63295A8298000D55C5 /* Sources */ = {
			isa = PBXSourcesBuildPhase;
			buildActionMask = 2147483647;
			files = (
				82B0359F295AB7FE00A03B7D /* CartStore.swift in Sources */,
				2C7A8C6D295A8298000D55C5 /* ContentView.swift in Sources */,
				82206F81295AAC6E008D3D36 /* Cart.swift in Sources */,
				82B035AB295B2E1D00A03B7D /* ProductStore.swift in Sources */,
				2C293046295AAA09003C77F8 /* UserInfo.swift in Sources */,
				E89514D0295BD2850046F38A /* UserProductStore.swift in Sources */,
				2CEFEC41295ABA3E006DA0AA /* DetailOrder.swift in Sources */,
				82B035A9295B2E1800A03B7D /* Product.swift in Sources */,
				8B4376FE295ABC4D002D4AAB /* OrderStore.swift in Sources */,
				2C293048295AAC36003C77F8 /* UserInfoStore.swift in Sources */,
				2C7A8C6B295A8298000D55C5 /* AppleMarketApp.swift in Sources */,
				2CEFEC42295ABA3E006DA0AA /* Order.swift in Sources */,
				82B035AD295B2E2200A03B7D /* CartTest.swift in Sources */,
				0B451058295BDF38008CC0A7 /* UserProduct.swift in Sources */,
				8B437700295ACB40002D4AAB /* OrderTestView.swift in Sources */,
				E89514D2295BD6830046F38A /* UserProductTestView.swift in Sources */,
			);
			runOnlyForDeploymentPostprocessing = 0;
		};
/* End PBXSourcesBuildPhase section */

/* Begin XCBuildConfiguration section */
		2C7A8C73295A8299000D55C5 /* Debug */ = {
			isa = XCBuildConfiguration;
			buildSettings = {
				ALWAYS_SEARCH_USER_PATHS = NO;
				CLANG_ANALYZER_NONNULL = YES;
				CLANG_ANALYZER_NUMBER_OBJECT_CONVERSION = YES_AGGRESSIVE;
				CLANG_CXX_LANGUAGE_STANDARD = "gnu++20";
				CLANG_ENABLE_MODULES = YES;
				CLANG_ENABLE_OBJC_ARC = YES;
				CLANG_ENABLE_OBJC_WEAK = YES;
				CLANG_WARN_BLOCK_CAPTURE_AUTORELEASING = YES;
				CLANG_WARN_BOOL_CONVERSION = YES;
				CLANG_WARN_COMMA = YES;
				CLANG_WARN_CONSTANT_CONVERSION = YES;
				CLANG_WARN_DEPRECATED_OBJC_IMPLEMENTATIONS = YES;
				CLANG_WARN_DIRECT_OBJC_ISA_USAGE = YES_ERROR;
				CLANG_WARN_DOCUMENTATION_COMMENTS = YES;
				CLANG_WARN_EMPTY_BODY = YES;
				CLANG_WARN_ENUM_CONVERSION = YES;
				CLANG_WARN_INFINITE_RECURSION = YES;
				CLANG_WARN_INT_CONVERSION = YES;
				CLANG_WARN_NON_LITERAL_NULL_CONVERSION = YES;
				CLANG_WARN_OBJC_IMPLICIT_RETAIN_SELF = YES;
				CLANG_WARN_OBJC_LITERAL_CONVERSION = YES;
				CLANG_WARN_OBJC_ROOT_CLASS = YES_ERROR;
				CLANG_WARN_QUOTED_INCLUDE_IN_FRAMEWORK_HEADER = YES;
				CLANG_WARN_RANGE_LOOP_ANALYSIS = YES;
				CLANG_WARN_STRICT_PROTOTYPES = YES;
				CLANG_WARN_SUSPICIOUS_MOVE = YES;
				CLANG_WARN_UNGUARDED_AVAILABILITY = YES_AGGRESSIVE;
				CLANG_WARN_UNREACHABLE_CODE = YES;
				CLANG_WARN__DUPLICATE_METHOD_MATCH = YES;
				COPY_PHASE_STRIP = NO;
				DEBUG_INFORMATION_FORMAT = dwarf;
				ENABLE_STRICT_OBJC_MSGSEND = YES;
				ENABLE_TESTABILITY = YES;
				GCC_C_LANGUAGE_STANDARD = gnu11;
				GCC_DYNAMIC_NO_PIC = NO;
				GCC_NO_COMMON_BLOCKS = YES;
				GCC_OPTIMIZATION_LEVEL = 0;
				GCC_PREPROCESSOR_DEFINITIONS = (
					"DEBUG=1",
					"$(inherited)",
				);
				GCC_WARN_64_TO_32_BIT_CONVERSION = YES;
				GCC_WARN_ABOUT_RETURN_TYPE = YES_ERROR;
				GCC_WARN_UNDECLARED_SELECTOR = YES;
				GCC_WARN_UNINITIALIZED_AUTOS = YES_AGGRESSIVE;
				GCC_WARN_UNUSED_FUNCTION = YES;
				GCC_WARN_UNUSED_VARIABLE = YES;
				IPHONEOS_DEPLOYMENT_TARGET = 16.2;
				MTL_ENABLE_DEBUG_INFO = INCLUDE_SOURCE;
				MTL_FAST_MATH = YES;
				ONLY_ACTIVE_ARCH = YES;
				SDKROOT = iphoneos;
				SWIFT_ACTIVE_COMPILATION_CONDITIONS = DEBUG;
				SWIFT_OPTIMIZATION_LEVEL = "-Onone";
			};
			name = Debug;
		};
		2C7A8C74295A8299000D55C5 /* Release */ = {
			isa = XCBuildConfiguration;
			buildSettings = {
				ALWAYS_SEARCH_USER_PATHS = NO;
				CLANG_ANALYZER_NONNULL = YES;
				CLANG_ANALYZER_NUMBER_OBJECT_CONVERSION = YES_AGGRESSIVE;
				CLANG_CXX_LANGUAGE_STANDARD = "gnu++20";
				CLANG_ENABLE_MODULES = YES;
				CLANG_ENABLE_OBJC_ARC = YES;
				CLANG_ENABLE_OBJC_WEAK = YES;
				CLANG_WARN_BLOCK_CAPTURE_AUTORELEASING = YES;
				CLANG_WARN_BOOL_CONVERSION = YES;
				CLANG_WARN_COMMA = YES;
				CLANG_WARN_CONSTANT_CONVERSION = YES;
				CLANG_WARN_DEPRECATED_OBJC_IMPLEMENTATIONS = YES;
				CLANG_WARN_DIRECT_OBJC_ISA_USAGE = YES_ERROR;
				CLANG_WARN_DOCUMENTATION_COMMENTS = YES;
				CLANG_WARN_EMPTY_BODY = YES;
				CLANG_WARN_ENUM_CONVERSION = YES;
				CLANG_WARN_INFINITE_RECURSION = YES;
				CLANG_WARN_INT_CONVERSION = YES;
				CLANG_WARN_NON_LITERAL_NULL_CONVERSION = YES;
				CLANG_WARN_OBJC_IMPLICIT_RETAIN_SELF = YES;
				CLANG_WARN_OBJC_LITERAL_CONVERSION = YES;
				CLANG_WARN_OBJC_ROOT_CLASS = YES_ERROR;
				CLANG_WARN_QUOTED_INCLUDE_IN_FRAMEWORK_HEADER = YES;
				CLANG_WARN_RANGE_LOOP_ANALYSIS = YES;
				CLANG_WARN_STRICT_PROTOTYPES = YES;
				CLANG_WARN_SUSPICIOUS_MOVE = YES;
				CLANG_WARN_UNGUARDED_AVAILABILITY = YES_AGGRESSIVE;
				CLANG_WARN_UNREACHABLE_CODE = YES;
				CLANG_WARN__DUPLICATE_METHOD_MATCH = YES;
				COPY_PHASE_STRIP = NO;
				DEBUG_INFORMATION_FORMAT = "dwarf-with-dsym";
				ENABLE_NS_ASSERTIONS = NO;
				ENABLE_STRICT_OBJC_MSGSEND = YES;
				GCC_C_LANGUAGE_STANDARD = gnu11;
				GCC_NO_COMMON_BLOCKS = YES;
				GCC_WARN_64_TO_32_BIT_CONVERSION = YES;
				GCC_WARN_ABOUT_RETURN_TYPE = YES_ERROR;
				GCC_WARN_UNDECLARED_SELECTOR = YES;
				GCC_WARN_UNINITIALIZED_AUTOS = YES_AGGRESSIVE;
				GCC_WARN_UNUSED_FUNCTION = YES;
				GCC_WARN_UNUSED_VARIABLE = YES;
				IPHONEOS_DEPLOYMENT_TARGET = 16.2;
				MTL_ENABLE_DEBUG_INFO = NO;
				MTL_FAST_MATH = YES;
				SDKROOT = iphoneos;
				SWIFT_COMPILATION_MODE = wholemodule;
				SWIFT_OPTIMIZATION_LEVEL = "-O";
				VALIDATE_PRODUCT = YES;
			};
			name = Release;
		};
		2C7A8C76295A8299000D55C5 /* Debug */ = {
			isa = XCBuildConfiguration;
			buildSettings = {
				ASSETCATALOG_COMPILER_APPICON_NAME = AppIcon;
				ASSETCATALOG_COMPILER_GLOBAL_ACCENT_COLOR_NAME = AccentColor;
				CODE_SIGN_STYLE = Automatic;
				CURRENT_PROJECT_VERSION = 1;
				DEVELOPMENT_ASSET_PATHS = "\"AppleMarket/Preview Content\"";
				DEVELOPMENT_TEAM = "";
				ENABLE_PREVIEWS = YES;
				GENERATE_INFOPLIST_FILE = YES;
				INFOPLIST_FILE = AppleMarket/Info.plist;
				INFOPLIST_KEY_UIApplicationSceneManifest_Generation = YES;
				INFOPLIST_KEY_UIApplicationSupportsIndirectInputEvents = YES;
				INFOPLIST_KEY_UILaunchScreen_Generation = YES;
				INFOPLIST_KEY_UISupportedInterfaceOrientations_iPad = "UIInterfaceOrientationPortrait UIInterfaceOrientationPortraitUpsideDown UIInterfaceOrientationLandscapeLeft UIInterfaceOrientationLandscapeRight";
				INFOPLIST_KEY_UISupportedInterfaceOrientations_iPhone = "UIInterfaceOrientationPortrait UIInterfaceOrientationLandscapeLeft UIInterfaceOrientationLandscapeRight";
				LD_RUNPATH_SEARCH_PATHS = (
					"$(inherited)",
					"@executable_path/Frameworks",
				);
				MARKETING_VERSION = 1.0;
				PRODUCT_BUNDLE_IDENTIFIER = com.LikeLion.AppleMarket;
				PRODUCT_NAME = "$(TARGET_NAME)";
				SWIFT_EMIT_LOC_STRINGS = YES;
				SWIFT_VERSION = 5.0;
				TARGETED_DEVICE_FAMILY = "1,2";
			};
			name = Debug;
		};
		2C7A8C77295A8299000D55C5 /* Release */ = {
			isa = XCBuildConfiguration;
			buildSettings = {
				ASSETCATALOG_COMPILER_APPICON_NAME = AppIcon;
				ASSETCATALOG_COMPILER_GLOBAL_ACCENT_COLOR_NAME = AccentColor;
				CODE_SIGN_STYLE = Automatic;
				CURRENT_PROJECT_VERSION = 1;
				DEVELOPMENT_ASSET_PATHS = "\"AppleMarket/Preview Content\"";
				DEVELOPMENT_TEAM = "";
				ENABLE_PREVIEWS = YES;
				GENERATE_INFOPLIST_FILE = YES;
				INFOPLIST_FILE = AppleMarket/Info.plist;
				INFOPLIST_KEY_UIApplicationSceneManifest_Generation = YES;
				INFOPLIST_KEY_UIApplicationSupportsIndirectInputEvents = YES;
				INFOPLIST_KEY_UILaunchScreen_Generation = YES;
				INFOPLIST_KEY_UISupportedInterfaceOrientations_iPad = "UIInterfaceOrientationPortrait UIInterfaceOrientationPortraitUpsideDown UIInterfaceOrientationLandscapeLeft UIInterfaceOrientationLandscapeRight";
				INFOPLIST_KEY_UISupportedInterfaceOrientations_iPhone = "UIInterfaceOrientationPortrait UIInterfaceOrientationLandscapeLeft UIInterfaceOrientationLandscapeRight";
				LD_RUNPATH_SEARCH_PATHS = (
					"$(inherited)",
					"@executable_path/Frameworks",
				);
				MARKETING_VERSION = 1.0;
				PRODUCT_BUNDLE_IDENTIFIER = com.LikeLion.AppleMarket;
				PRODUCT_NAME = "$(TARGET_NAME)";
				SWIFT_EMIT_LOC_STRINGS = YES;
				SWIFT_VERSION = 5.0;
				TARGETED_DEVICE_FAMILY = "1,2";
			};
			name = Release;
		};
/* End XCBuildConfiguration section */

/* Begin XCConfigurationList section */
		2C7A8C62295A8298000D55C5 /* Build configuration list for PBXProject "AppleMarket" */ = {
			isa = XCConfigurationList;
			buildConfigurations = (
				2C7A8C73295A8299000D55C5 /* Debug */,
				2C7A8C74295A8299000D55C5 /* Release */,
			);
			defaultConfigurationIsVisible = 0;
			defaultConfigurationName = Release;
		};
		2C7A8C75295A8299000D55C5 /* Build configuration list for PBXNativeTarget "AppleMarket" */ = {
			isa = XCConfigurationList;
			buildConfigurations = (
				2C7A8C76295A8299000D55C5 /* Debug */,
				2C7A8C77295A8299000D55C5 /* Release */,
			);
			defaultConfigurationIsVisible = 0;
			defaultConfigurationName = Release;
		};
/* End XCConfigurationList section */

/* Begin XCRemoteSwiftPackageReference section */
		2C7A8C7A295AA678000D55C5 /* XCRemoteSwiftPackageReference "firebase-ios-sdk" */ = {
			isa = XCRemoteSwiftPackageReference;
			repositoryURL = "https://github.com/firebase/firebase-ios-sdk";
			requirement = {
				branch = master;
				kind = branch;
			};
		};
		2C7A8C87295AA6CC000D55C5 /* XCRemoteSwiftPackageReference "GoogleSignIn-iOS" */ = {
			isa = XCRemoteSwiftPackageReference;
			repositoryURL = "https://github.com/google/GoogleSignIn-iOS";
			requirement = {
				branch = main;
				kind = branch;
			};
		};
/* End XCRemoteSwiftPackageReference section */

/* Begin XCSwiftPackageProductDependency section */
		2C7A8C7B295AA678000D55C5 /* FirebaseAuth */ = {
			isa = XCSwiftPackageProductDependency;
			package = 2C7A8C7A295AA678000D55C5 /* XCRemoteSwiftPackageReference "firebase-ios-sdk" */;
			productName = FirebaseAuth;
		};
		2C7A8C7D295AA678000D55C5 /* FirebaseDatabase */ = {
			isa = XCSwiftPackageProductDependency;
			package = 2C7A8C7A295AA678000D55C5 /* XCRemoteSwiftPackageReference "firebase-ios-sdk" */;
			productName = FirebaseDatabase;
		};
		2C7A8C7F295AA678000D55C5 /* FirebaseDatabaseSwift */ = {
			isa = XCSwiftPackageProductDependency;
			package = 2C7A8C7A295AA678000D55C5 /* XCRemoteSwiftPackageReference "firebase-ios-sdk" */;
			productName = FirebaseDatabaseSwift;
		};
		2C7A8C81295AA678000D55C5 /* FirebaseFirestore */ = {
			isa = XCSwiftPackageProductDependency;
			package = 2C7A8C7A295AA678000D55C5 /* XCRemoteSwiftPackageReference "firebase-ios-sdk" */;
			productName = FirebaseFirestore;
		};
		2C7A8C83295AA678000D55C5 /* FirebaseFirestoreSwift */ = {
			isa = XCSwiftPackageProductDependency;
			package = 2C7A8C7A295AA678000D55C5 /* XCRemoteSwiftPackageReference "firebase-ios-sdk" */;
			productName = FirebaseFirestoreSwift;
		};
		2C7A8C85295AA678000D55C5 /* FirebaseStorage */ = {
			isa = XCSwiftPackageProductDependency;
			package = 2C7A8C7A295AA678000D55C5 /* XCRemoteSwiftPackageReference "firebase-ios-sdk" */;
			productName = FirebaseStorage;
		};
		2C7A8C88295AA6CC000D55C5 /* GoogleSignIn */ = {
			isa = XCSwiftPackageProductDependency;
			package = 2C7A8C87295AA6CC000D55C5 /* XCRemoteSwiftPackageReference "GoogleSignIn-iOS" */;
			productName = GoogleSignIn;
		};
		2C7A8C8A295AA6CC000D55C5 /* GoogleSignInSwift */ = {
			isa = XCSwiftPackageProductDependency;
			package = 2C7A8C87295AA6CC000D55C5 /* XCRemoteSwiftPackageReference "GoogleSignIn-iOS" */;
			productName = GoogleSignInSwift;
		};
/* End XCSwiftPackageProductDependency section */
	};
	rootObject = 2C7A8C5F295A8298000D55C5 /* Project object */;
}
